lockfileVersion: '9.0'

settings:
  autoInstallPeers: true
  excludeLinksFromLockfile: false

importers:

  .:
    dependencies:
      '@aws-sdk/client-dynamodb':
        specifier: ^3.1087.0
        version: 3.1087.0
      '@aws-sdk/lib-dynamodb':
        specifier: ^3.1087.0
        version: 3.1087.0(@aws-sdk/client-dynamodb@3.1087.0)
      '@aws-sdk/util-dynamodb':
        specifier: ^3.996.6
        version: 3.996.6(@aws-sdk/client-dynamodb@3.1087.0)
      '@types/aws-lambda':
        specifier: ^8.10.162
        version: 8.10.162
      zod:
        specifier: ^4.4.3
        version: 4.4.3
    devDependencies:
      '@types/node':
        specifier: ^26.1.1
        version: 26.1.1

packages:

  '@aws-sdk/client-dynamodb@3.1087.0':
    resolution: {integrity: sha512-3Rsk29aQltTbAI5QKXqhnVNyLAGTeiU3UkErqiqplduV2jdj8l+ySL45yhq7z/GXN7Q1Rh6x38dRsxazwOTUfQ==}
    engines: {node: '>=20.0.0'}

  '@aws-sdk/core@3.975.2':
    resolution: {integrity: sha512-iyeXwziyjJpixq5OmhsIyrSWx8vwcI7gDo4yRUC3EP7NQtOo9iAJiIEc3G+/HkhtNXqOhofiCK7Lc34Sq+fJWg==}
    engines: {node: '>=20.0.0'}

  '@aws-sdk/credential-provider-env@3.972.58':
    resolution: {integrity: sha512-vyGtvK1rY940eq7JT0yIGKuZ+2kpPSJcHibSvGlit5oiMFDamzC7cxBGLl4FLnd6suihMXDI2FSF2dL6TmBqPA==}
    engines: {node: '>=20.0.0'}

  '@aws-sdk/credential-provider-http@3.972.60':
    resolution: {integrity: sha512-g9b9YzDrD5pcKiPBJfCSXRfFMrA39eR0guUhZ5SRm+7vMAVc43+effxbcamxBjSd5bUhrdKo5te/yQuWurLXLA==}
    engines: {node: '>=20.0.0'}

  '@aws-sdk/credential-provider-ini@3.973.2':
    resolution: {integrity: sha512-Yr7yxNyQ8aHt9Ww0RPFUZx+xiem+vl7vuwhP0tniTijoesJNV5jou9HCgVpI0GEPAF+89TkOvilE5uRrZJnjaw==}
    engines: {node: '>=20.0.0'}

  '@aws-sdk/credential-provider-login@3.972.64':
    resolution: {integrity: sha512-YQoSI4d6kXvoenoG/0Jv/PqaAuukHzGmGXGyHBQYeEUNsYovlNAn/Sw1wp/WQbhcQ3HsEMGgjEahvD3igz6ecQ==}
    engines: {node: '>=20.0.0'}

  '@aws-sdk/credential-provider-node@3.972.68':
    resolution: {integrity: sha512-4akjzW9CjorByYfqXBXmYUh/h7Io3U4DtVgGGh9TQraZ7ZlyJqNyHwDRGiUFnHD+BTOeTbCesCa4sJaK7BGZ7A==}
    engines: {node: '>=20.0.0'}

  '@aws-sdk/credential-provider-process@3.972.58':
    resolution: {integrity: sha512-1nYitRCaDmXWUrpBJt6WlcGjLx1JVsMY8rlYuHHsTYTSaYikbixYdQSyINN2VYq1F798uTO9qHAzytL25M8g3A==}
    engines: {node: '>=20.0.0'}

  '@aws-sdk/credential-provider-sso@3.973.2':
    resolution: {integrity: sha512-pjMLaLU/JZi5lVfmR14V1OZqRBTuMHf6AwGNZA0K9hK+JKtO3jcLBarfD8iq5oc8cSowvc/9R32sqMVXZPo6xQ==}
    engines: {node: '>=20.0.0'}

  '@aws-sdk/credential-provider-web-identity@3.972.64':
    resolution: {integrity: sha512-7Buc7p0OvDHW7iBsu4b+YdS0WnaFBDGKDfbVQqaac9dkWiSiUtIoarBDsA1RmOVXZijaZJDoHJFIQiicQvWRlQ==}
    engines: {node: '>=20.0.0'}

  '@aws-sdk/dynamodb-codec@3.973.32':
    resolution: {integrity: sha512-mc2IvGFtgNgYnySd1wWdx78flpHdAYvbl9C/tnAzGT0D0przwGeHSB6W3L8grldIXjAG1elWJdyDYiiZaz1dCw==}
    engines: {node: '>=20.0.0'}

  '@aws-sdk/endpoint-cache@3.972.9':
    resolution: {integrity: sha512-LFvdgq8SriaskUcjpBMDE7J2c9RmuT5v3gU36/znV71EU5DKUis4FmGFjCMelKCCViFeVrQADBAlIiOYRhEx6Q==}
    engines: {node: '>=20.0.0'}

  '@aws-sdk/lib-dynamodb@3.1087.0':
    resolution: {integrity: sha512-Xtx+KuCPvpluVj0WMpSRN4skxrjzlKvo6T+LwAZ6VOzbojlINSXWKuemsev5GVgbGqIZSsv3+/beI8Q3jGoymQ==}
    engines: {node: '>=20.0.0'}
    peerDependencies:
      '@aws-sdk/client-dynamodb': ^3.1087.0

  '@aws-sdk/middleware-endpoint-discovery@3.972.24':
    resolution: {integrity: sha512-1NwwiqMZw5LMnFZ8LsPYkuVN+nFf5oWRxgeb4WfsyOw0MKcA8qGI8Yq4AjvEzWHzp1a1aq8TEMqqlh2IiKVKgQ==}
    engines: {node: '>=20.0.0'}

  '@aws-sdk/nested-clients@3.997.32':
    resolution: {integrity: sha512-6Yj2fr9XF67cndITea48rchTdVr3VGx6PN47bIKNinJAjLkmaIlz/4EBPCgJ8UmhVopiXmeAuPLI3+DXDDbMhQ==}
    engines: {node: '>=20.0.0'}

  '@aws-sdk/signature-v4-multi-region@3.996.40':
    resolution: {integrity: sha512-wrGZ/authosokclY1DXsiWT/1WjfCI22FuZGgdcilF+XLTXs5dCjAtiFYSPsEToZkbm3Lj2YP8PoWg0yoMNu0g==}
    engines: {node: '>=20.0.0'}

  '@aws-sdk/token-providers@3.1087.0':
    resolution: {integrity: sha512-umM+qNq16f2fH+VLM5MqXW4ORNQAjk+TOSto73xbUHcKaU41L48j786r3UWQYlejeJk37NlvRYgxBT+MBkfaYQ==}
    engines: {node: '>=20.0.0'}

  '@aws-sdk/types@3.974.1':
    resolution: {integrity: sha512-W0IQZR0eaBqlBFIIofMapaWkw1W0U+Xi4dvW+BqwmCEMd8Ng2U6IhkxuPSjMVnR8klLjfuS9PeZWUl1N6UaZdg==}
    engines: {node: '>=20.0.0'}

  '@aws-sdk/util-dynamodb@3.996.6':
    resolution: {integrity: sha512-xLimZjA/ebA7jZn4NNkvLgj9WRl14rhidGND6oPt14s7ywe3I64g9X+WJpBraU5UR7loRq2K1tAXZj0FXkWLZg==}
    engines: {node: '>=20.0.0'}
    peerDependencies:
      '@aws-sdk/client-dynamodb': ^3.1082.0

  '@aws-sdk/xml-builder@3.972.35':
    resolution: {integrity: sha512-pXzaWe3evZhjxDXAlMnqISe/XefTCGwBJG4nFTXaWSgAnMkqPEhxEPqJNhhpGesEvKFhvNpnozJJ4GTL11bRYw==}
    engines: {node: '>=20.0.0'}

  '@aws/lambda-invoke-store@0.3.0':
    resolution: {integrity: sha512-sl4Bm6yiMNYrZKkqqDFWN0UfnWhlS8ivKxrYl+6t0gCLrqr8y3B2IqZZbFRkfaVVp7C/baApyh71P+LeE1A2sQ==}
    engines: {node: '>=18.0.0'}

  '@smithy/core@3.29.4':
    resolution: {integrity: sha512-G1GRglAabzEhqghJMBAd54FkRS7SAFGHEwbhcI9r+O+LIMuFsLyXkLZkCoFSgAglRu8s/URVXJB0hglq3ZipIg==}
    engines: {node: '>=18.0.0'}

  '@smithy/credential-provider-imds@4.4.9':
    resolution: {integrity: sha512-2nfV4qRKiYeXU4zD2vvSCfg5dfp/BuhrM73vt7q9gzBhxs4rbPxXY21wo+kyI3bRmXcEGRnCLTaW8O437jzHIg==}
    engines: {node: '>=18.0.0'}

  '@smithy/fetch-http-handler@5.6.6':
    resolution: {integrity: sha512-NHLgAlORUFZjn5ZfhYuyyKMlXA1WLYOdGxEhyNxrPpbJzoacGbl0chn1lN2KiZ8mpNVk0tV5607CSYlYs/OFgw==}
    engines: {node: '>=18.0.0'}

  '@smithy/node-http-handler@4.9.6':
    resolution: {integrity: sha512-odd+HYx3OLcXRSEz0ZeF3JQdSYdK8QnRgA2N87cPW7coWIbKfRk7a9VQjfeWQLqnzrDLk23KMEn46p8N7M/JFg==}
    engines: {node: '>=18.0.0'}

  '@smithy/signature-v4@5.6.5':
    resolution: {integrity: sha512-MO5VEhwVl0BN7xVoVeNrZfiUFoQtqxUbgl6/RwOTlMMxCSjblG8twSrVTwz3J4w9WZxd2rBfBAUXjH77agspBg==}
    engines: {node: '>=18.0.0'}

  '@smithy/types@4.16.1':
    resolution: {integrity: sha512-0JFs3V2y2M9tKW5na/qxe69Zv+uxLMO7QBbhxF/FHu/Gp2NFZAAL9tWl9PU02xxo07pb3G9FTyjNc6D5uZrJIg==}
    engines: {node: '>=18.0.0'}

  '@types/aws-lambda@8.10.162':
    resolution: {integrity: sha512-Fn658grtLOci1oxi1391vvDWJRKNGWRSqfxRkmN/Iy3c0tQH1USMKEXcPYHLvope+ZgTFocx9FRQJx1muBL6qw==}

  '@types/node@26.1.1':
    resolution: {integrity: sha512-nxAkRSVkN1Y0JC1W8ky/fTfkGsMmcrRsbx+3XoZE+rMOX71kLYTV7fLXpqud1GpbpP5TuffXFqfX7fH2GgZREw==}

  bowser@2.14.1:
    resolution: {integrity: sha512-tzPjzCxygAKWFOJP011oxFHs57HzIhOEracIgAePE4pqB3LikALKnSzUyU4MGs9/iCEUuHlAJTjTc5M+u7YEGg==}

  mnemonist@0.38.3:
    resolution: {integrity: sha512-2K9QYubXx/NAjv4VLq1d1Ly8pWNC5L3BrixtdkyTegXWJIqY+zLNDhhX/A+ZwWt70tB1S8H4BE8FLYEFyNoOBw==}

  obliterator@1.6.1:
    resolution: {integrity: sha512-9WXswnqINnnhOG/5SLimUlzuU1hFJUc8zkwyD59Sd+dPOMf05PmnYG/d6Q7HZ+KmgkZJa1PxRso6QdM3sTNHig==}

  tslib@2.8.1:
    resolution: {integrity: sha512-oJFu94HQb+KVduSUQL7wnpmqnfmLsOA/nAh6b6EH0wCEoK0/mPeXU6c3wKDV83MkOuHPRHtSXKKU99IBazS/2w==}

  undici-types@8.3.0:
    resolution: {integrity: sha512-j375ScV60dom+YkPFIfTLcOiPxkN/buHz5GobjLhixFuANaNs3C9l4GmrWqejgXWJ7BbJcFYpTEUkS1Ge8bpZQ==}

  zod@4.4.3:
    resolution: {integrity: sha512-ytENFjIJFl2UwYglde2jchW2Hwm4GJFLDiSXWdTrJQBIN9Fcyp7n4DhxJEiWNAJMV1/BqWfW/kkg71UDcHJyTQ==}

snapshots:

  '@aws-sdk/client-dynamodb@3.1087.0':
    dependencies:
      '@aws-sdk/core': 3.975.2
      '@aws-sdk/credential-provider-node': 3.972.68
      '@aws-sdk/dynamodb-codec': 3.973.32
      '@aws-sdk/middleware-endpoint-discovery': 3.972.24
      '@aws-sdk/types': 3.974.1
      '@smithy/core': 3.29.4
      '@smithy/fetch-http-handler': 5.6.6
      '@smithy/node-http-handler': 4.9.6
      '@smithy/types': 4.16.1
      tslib: 2.8.1

  '@aws-sdk/core@3.975.2':
    dependencies:
      '@aws-sdk/types': 3.974.1
      '@aws-sdk/xml-builder': 3.972.35
      '@aws/lambda-invoke-store': 0.3.0
      '@smithy/core': 3.29.4
      '@smithy/signature-v4': 5.6.5
      '@smithy/types': 4.16.1
      bowser: 2.14.1
      tslib: 2.8.1

  '@aws-sdk/credential-provider-env@3.972.58':
    dependencies:
      '@aws-sdk/core': 3.975.2
      '@aws-sdk/types': 3.974.1
      '@smithy/core': 3.29.4
      '@smithy/types': 4.16.1
      tslib: 2.8.1

  '@aws-sdk/credential-provider-http@3.972.60':
    dependencies:
      '@aws-sdk/core': 3.975.2
      '@aws-sdk/types': 3.974.1
      '@smithy/core': 3.29.4
      '@smithy/fetch-http-handler': 5.6.6
      '@smithy/node-http-handler': 4.9.6
      '@smithy/types': 4.16.1
      tslib: 2.8.1

  '@aws-sdk/credential-provider-ini@3.973.2':
    dependencies:
      '@aws-sdk/core': 3.975.2
      '@aws-sdk/credential-provider-env': 3.972.58
      '@aws-sdk/credential-provider-http': 3.972.60
      '@aws-sdk/credential-provider-login': 3.972.64
      '@aws-sdk/credential-provider-process': 3.972.58
      '@aws-sdk/credential-provider-sso': 3.973.2
      '@aws-sdk/credential-provider-web-identity': 3.972.64
      '@aws-sdk/nested-clients': 3.997.32
      '@aws-sdk/types': 3.974.1
      '@smithy/core': 3.29.4
      '@smithy/credential-provider-imds': 4.4.9
      '@smithy/types': 4.16.1
      tslib: 2.8.1

  '@aws-sdk/credential-provider-login@3.972.64':
    dependencies:
      '@aws-sdk/core': 3.975.2
      '@aws-sdk/nested-clients': 3.997.32
      '@aws-sdk/types': 3.974.1
      '@smithy/core': 3.29.4
      '@smithy/types': 4.16.1
      tslib: 2.8.1

  '@aws-sdk/credential-provider-node@3.972.68':
    dependencies:
      '@aws-sdk/credential-provider-env': 3.972.58
      '@aws-sdk/credential-provider-http': 3.972.60
      '@aws-sdk/credential-provider-ini': 3.973.2
      '@aws-sdk/credential-provider-process': 3.972.58
      '@aws-sdk/credential-provider-sso': 3.973.2
      '@aws-sdk/credential-provider-web-identity': 3.972.64
      '@aws-sdk/types': 3.974.1
      '@smithy/core': 3.29.4
      '@smithy/credential-provider-imds': 4.4.9
      '@smithy/types': 4.16.1
      tslib: 2.8.1

  '@aws-sdk/credential-provider-process@3.972.58':
    dependencies:
      '@aws-sdk/core': 3.975.2
      '@aws-sdk/types': 3.974.1
      '@smithy/core': 3.29.4
      '@smithy/types': 4.16.1
      tslib: 2.8.1

  '@aws-sdk/credential-provider-sso@3.973.2':
    dependencies:
      '@aws-sdk/core': 3.975.2
      '@aws-sdk/nested-clients': 3.997.32
      '@aws-sdk/token-providers': 3.1087.0
      '@aws-sdk/types': 3.974.1
      '@smithy/core': 3.29.4
      '@smithy/types': 4.16.1
      tslib: 2.8.1

  '@aws-sdk/credential-provider-web-identity@3.972.64':
    dependencies:
      '@aws-sdk/core': 3.975.2
      '@aws-sdk/nested-clients': 3.997.32
      '@aws-sdk/types': 3.974.1
      '@smithy/core': 3.29.4
      '@smithy/types': 4.16.1
      tslib: 2.8.1

  '@aws-sdk/dynamodb-codec@3.973.32':
    dependencies:
      '@aws-sdk/core': 3.975.2
      '@smithy/core': 3.29.4
      '@smithy/types': 4.16.1
      tslib: 2.8.1

  '@aws-sdk/endpoint-cache@3.972.9':
    dependencies:
      mnemonist: 0.38.3
      tslib: 2.8.1

  '@aws-sdk/lib-dynamodb@3.1087.0(@aws-sdk/client-dynamodb@3.1087.0)':
    dependencies:
      '@aws-sdk/client-dynamodb': 3.1087.0
      '@aws-sdk/core': 3.975.2
      '@aws-sdk/util-dynamodb': 3.996.6(@aws-sdk/client-dynamodb@3.1087.0)
      '@smithy/core': 3.29.4
      '@smithy/types': 4.16.1
      tslib: 2.8.1

  '@aws-sdk/middleware-endpoint-discovery@3.972.24':
    dependencies:
      '@aws-sdk/endpoint-cache': 3.972.9
      '@aws-sdk/types': 3.974.1
      '@smithy/core': 3.29.4
      '@smithy/types': 4.16.1
      tslib: 2.8.1

  '@aws-sdk/nested-clients@3.997.32':
    dependencies:
      '@aws-sdk/core': 3.975.2
      '@aws-sdk/signature-v4-multi-region': 3.996.40
      '@aws-sdk/types': 3.974.1
      '@smithy/core': 3.29.4
      '@smithy/fetch-http-handler': 5.6.6
      '@smithy/node-http-handler': 4.9.6
      '@smithy/types': 4.16.1
      tslib: 2.8.1

  '@aws-sdk/signature-v4-multi-region@3.996.40':
    dependencies:
      '@aws-sdk/types': 3.974.1
      '@smithy/signature-v4': 5.6.5
      '@smithy/types': 4.16.1
      tslib: 2.8.1

  '@aws-sdk/token-providers@3.1087.0':
    dependencies:
      '@aws-sdk/core': 3.975.2
      '@aws-sdk/nested-clients': 3.997.32
      '@aws-sdk/types': 3.974.1
      '@smithy/core': 3.29.4
      '@smithy/types': 4.16.1
      tslib: 2.8.1

  '@aws-sdk/types@3.974.1':
    dependencies:
      '@smithy/types': 4.16.1
      tslib: 2.8.1

  '@aws-sdk/util-dynamodb@3.996.6(@aws-sdk/client-dynamodb@3.1087.0)':
    dependencies:
      '@aws-sdk/client-dynamodb': 3.1087.0
      tslib: 2.8.1

  '@aws-sdk/xml-builder@3.972.35':
    dependencies:
      '@smithy/types': 4.16.1
      tslib: 2.8.1

  '@aws/lambda-invoke-store@0.3.0': {}

  '@smithy/core@3.29.4':
    dependencies:
      '@smithy/types': 4.16.1
      tslib: 2.8.1

  '@smithy/credential-provider-imds@4.4.9':
    dependencies:
      '@smithy/core': 3.29.4
      '@smithy/types': 4.16.1
      tslib: 2.8.1

  '@smithy/fetch-http-handler@5.6.6':
    dependencies:
      '@smithy/core': 3.29.4
      '@smithy/types': 4.16.1
      tslib: 2.8.1

  '@smithy/node-http-handler@4.9.6':
    dependencies:
      '@smithy/core': 3.29.4
      '@smithy/types': 4.16.1
      tslib: 2.8.1

  '@smithy/signature-v4@5.6.5':
    dependencies:
      '@smithy/core': 3.29.4
      '@smithy/types': 4.16.1
      tslib: 2.8.1

  '@smithy/types@4.16.1':
    dependencies:
      tslib: 2.8.1

  '@types/aws-lambda@8.10.162': {}

  '@types/node@26.1.1':
    dependencies:
      undici-types: 8.3.0

  bowser@2.14.1: {}

  mnemonist@0.38.3:
    dependencies:
      obliterator: 1.6.1

  obliterator@1.6.1: {}

  tslib@2.8.1: {}

  undici-types@8.3.0: {}

  zod@4.4.3: {}
